
Microsoft Visual Studio Solution File, Format Version 12.00
# Visual Studio Version 17
VisualStudioVersion = 17.6.33723.286
MinimumVisualStudioVersion = 10.0.40219.1
Project("{FAE04EC0-301F-11D3-BF4B-00C04F79EFBC}") = "Winform.FullStackll", "Winform.FullStackll\Winform.FullStackll.csproj", "{20B0D88B-549F-4881-B621-086344FCB2A1}"
EndProject
Global
	GlobalSection(SolutionConfigurationPlatforms) = preSolution
		Debug|Any CPU = Debug|Any CPU
		Release|Any CPU = Release|Any CPU
	EndGlobalSection
	GlobalSection(ProjectConfigurationPlatforms) = postSolution
		{20B0D88B-549F-4881-B621-086344FCB2A1}.Debug|Any CPU.ActiveCfg = Debug|Any CPU
		{20B0D88B-549F-4881-B621-086344FCB2A1}.Debug|Any CPU.Build.0 = Debug|Any CPU
		{20B0D88B-549F-4881-B621-086344FCB2A1}.Release|Any CPU.ActiveCfg = Release|Any CPU
		{20B0D88B-549F-4881-B621-086344FCB2A1}.Release|Any CPU.Build.0 = Release|Any CPU
	EndGlobalSection
	GlobalSection(SolutionProperties) = preSolution
		HideSolutionNode = FALSE
	EndGlobalSection
	GlobalSection(ExtensibilityGlobals) = postSolution
		SolutionGuid = {5BE8E9CE-15C3-4938-AEE8-2C74B54FFD69}
	EndGlobalSection
EndGlobal
